// !$*UTF8*$!
{
	archiveVersion = 1;
	classes = {
	};
	objectVersion = 46;
	objects = {

/* Begin PBXBuildFile section */
		68E708221F3EC36E009D1C67 /* AppDelegate.swift in Sources */ = {isa = PBXBuildFile; fileRef = 68E708211F3EC36E009D1C67 /* AppDelegate.swift */; };
		68E708241F3EC36E009D1C67 /* ViewController.swift in Sources */ = {isa = PBXBuildFile; fileRef = 68E708231F3EC36E009D1C67 /* ViewController.swift */; };
		68E708271F3EC36E009D1C67 /* Main.storyboard in Resources */ = {isa = PBXBuildFile; fileRef = 68E708251F3EC36E009D1C67 /* Main.storyboard */; };
		68E708291F3EC36E009D1C67 /* Assets.xcassets in Resources */ = {isa = PBXBuildFile; fileRef = 68E708281F3EC36E009D1C67 /* Assets.xcassets */; };
		68E7082C1F3EC36E009D1C67 /* LaunchScreen.storyboard in Resources */ = {isa = PBXBuildFile; fileRef = 68E7082A1F3EC36E009D1C67 /* LaunchScreen.storyboard */; };
		68E7083A1F3EC409009D1C67 /* ActionViewController.swift in Sources */ = {isa = PBXBuildFile; fileRef = 68E708391F3EC409009D1C67 /* ActionViewController.swift */; };
		68E7083D1F3EC409009D1C67 /* MainInterface.storyboard in Resources */ = {isa = PBXBuildFile; fileRef = 68E7083B1F3EC409009D1C67 /* MainInterface.storyboard */; };
		68E708411F3EC409009D1C67 /* Extension.appex in Embed App Extensions */ = {isa = PBXBuildFile; fileRef = 68E708371F3EC409009D1C67 /* Extension.appex */; settings = {ATTRIBUTES = (RemoveHeadersOnCopy, ); }; };
		68E708471F3F3D04009D1C67 /* Action.js in Resources */ = {isa = PBXBuildFile; fileRef = 68E708461F3F3D04009D1C67 /* Action.js */; };
/* End PBXBuildFile section */

/* Begin PBXContainerItemProxy section */
		68E7083F1F3EC409009D1C67 /* PBXContainerItemProxy */ = {
			isa = PBXContainerItemProxy;
			containerPortal = 68E708161F3EC36E009D1C67 /* Project object */;
			proxyType = 1;
			remoteGlobalIDString = 68E708361F3EC409009D1C67;
			remoteInfo = Extension;
		};
/* End PBXContainerItemProxy section */

/* Begin PBXCopyFilesBuildPhase section */
		68E708451F3EC409009D1C67 /* Embed App Extensions */ = {
			isa = PBXCopyFilesBuildPhase;
			buildActionMask = 2147483647;
			dstPath = "";
			dstSubfolderSpec = 13;
			files = (
				68E708411F3EC409009D1C67 /* Extension.appex in Embed App Extensions */,
			);
			name = "Embed App Extensions";
			runOnlyForDeploymentPostprocessing = 0;
		};
/* End PBXCopyFilesBuildPhase section */

/* Begin PBXFileReference section */
		68E7081E1F3EC36E009D1C67 /* Project16.app */ = {isa = PBXFileReference; explicitFileType = wrapper.application; includeInIndex = 0; path = Project16.app; sourceTree = BUILT_PRODUCTS_DIR; };
		68E708211F3EC36E009D1C67 /* AppDelegate.swift */ = {isa = PBXFileReference; lastKnownFileType = sourcecode.swift; path = AppDelegate.swift; sourceTree = "<group>"; };
		68E708231F3EC36E009D1C67 /* ViewController.swift */ = {isa = PBXFileReference; lastKnownFileType = sourcecode.swift; path = ViewController.swift; sourceTree = "<group>"; };
		68E708261F3EC36E009D1C67 /* Base */ = {isa = PBXFileReference; lastKnownFileType = file.storyboard; name = Base; path = Base.lproj/Main.storyboard; sourceTree = "<group>"; };
		68E708281F3EC36E009D1C67 /* Assets.xcassets */ = {isa = PBXFileReference; lastKnownFileType = folder.assetcatalog; path = Assets.xcassets; sourceTree = "<group>"; };
		68E7082B1F3EC36E009D1C67 /* Base */ = {isa = PBXFileReference; lastKnownFileType = file.storyboard; name = Base; path = Base.lproj/LaunchScreen.storyboard; sourceTree = "<group>"; };
		68E7082D1F3EC36E009D1C67 /* Info.plist */ = {isa = PBXFileReference; lastKnownFileType = text.plist.xml; path = Info.plist; sourceTree = "<group>"; };
		68E708371F3EC409009D1C67 /* Extension.appex */ = {isa = PBXFileReference; explicitFileType = "wrapper.app-extension"; includeInIndex = 0; path = Extension.appex; sourceTree = BUILT_PRODUCTS_DIR; };
		68E708391F3EC409009D1C67 /* ActionViewController.swift */ = {isa = PBXFileReference; lastKnownFileType = sourcecode.swift; path = ActionViewController.swift; sourceTree = "<group>"; };
		68E7083C1F3EC409009D1C67 /* Base */ = {isa = PBXFileReference; lastKnownFileType = file.storyboard; name = Base; path = Base.lproj/MainInterface.storyboard; sourceTree = "<group>"; };
		68E7083E1F3EC409009D1C67 /* Info.plist */ = {isa = PBXFileReference; lastKnownFileType = text.plist.xml; path = Info.plist; sourceTree = "<group>"; };
		68E708461F3F3D04009D1C67 /* Action.js */ = {isa = PBXFileReference; fileEncoding = 4; lastKnownFileType = sourcecode.javascript; path = Action.js; sourceTree = "<group>"; };
/* End PBXFileReference section */

/* Begin PBXFrameworksBuildPhase section */
		68E7081B1F3EC36E009D1C67 /* Frameworks */ = {
			isa = PBXFrameworksBuildPhase;
			buildActionMask = 2147483647;
			files = (
			);
			runOnlyForDeploymentPostprocessing = 0;
		};
		68E708341F3EC409009D1C67 /* Frameworks */ = {
			isa = PBXFrameworksBuildPhase;
			buildActionMask = 2147483647;
			files = (
			);
			runOnlyForDeploymentPostprocessing = 0;
		};
/* End PBXFrameworksBuildPhase section */

/* Begin PBXGroup section */
		68E708151F3EC36E009D1C67 = {
			isa = PBXGroup;
			children = (
				68E708201F3EC36E009D1C67 /* Project16 */,
				68E708381F3EC409009D1C67 /* Extension */,
				68E7081F1F3EC36E009D1C67 /* Products */,
			);
			sourceTree = "<group>";
		};
		68E7081F1F3EC36E009D1C67 /* Products */ = {
			isa = PBXGroup;
			children = (
				68E7081E1F3EC36E009D1C67 /* Project16.app */,
				68E708371F3EC409009D1C67 /* Extension.appex */,
			);
			name = Products;
			sourceTree = "<group>";
		};
		68E708201F3EC36E009D1C67 /* Project16 */ = {
			isa = PBXGroup;
			children = (
				68E708211F3EC36E009D1C67 /* AppDelegate.swift */,
				68E708231F3EC36E009D1C67 /* ViewController.swift */,
				68E708251F3EC36E009D1C67 /* Main.storyboard */,
				68E708281F3EC36E009D1C67 /* Assets.xcassets */,
				68E7082A1F3EC36E009D1C67 /* LaunchScreen.storyboard */,
				68E7082D1F3EC36E009D1C67 /* Info.plist */,
			);
			path = Project16;
			sourceTree = "<group>";
		};
		68E708381F3EC409009D1C67 /* Extension */ = {
			isa = PBXGroup;
			children = (
				68E708391F3EC409009D1C67 /* ActionViewController.swift */,
				68E7083B1F3EC409009D1C67 /* MainInterface.storyboard */,
				68E7083E1F3EC409009D1C67 /* Info.plist */,
				68E708461F3F3D04009D1C67 /* Action.js */,
			);
			path = Extension;
			sourceTree = "<group>";
		};
/* End PBXGroup section */

/* Begin PBXNativeTarget section */
		68E7081D1F3EC36E009D1C67 /* Project16 */ = {
			isa = PBXNativeTarget;
			buildConfigurationList = 68E708301F3EC36E009D1C67 /* Build configuration list for PBXNativeTarget "Project16" */;
			buildPhases = (
				68E7081A1F3EC36E009D1C67 /* Sources */,
				68E7081B1F3EC36E009D1C67 /* Frameworks */,
				68E7081C1F3EC36E009D1C67 /* Resources */,
				68E708451F3EC409009D1C67 /* Embed App Extensions */,
			);
			buildRules = (
			);
			dependencies = (
				68E708401F3EC409009D1C67 /* PBXTargetDependency */,
			);
			name = Project16;
			productName = Project16;
			productReference = 68E7081E1F3EC36E009D1C67 /* Project16.app */;
			productType = "com.apple.product-type.application";
		};
		68E708361F3EC409009D1C67 /* Extension */ = {
			isa = PBXNativeTarget;
			buildConfigurationList = 68E708421F3EC409009D1C67 /* Build configuration list for PBXNativeTarget "Extension" */;
			buildPhases = (
				68E708331F3EC409009D1C67 /* Sources */,
				68E708341F3EC409009D1C67 /* Frameworks */,
				68E708351F3EC409009D1C67 /* Resources */,
			);
			buildRules = (
			);
			dependencies = (
			);
			name = Extension;
			productName = Extension;
			productReference = 68E708371F3EC409009D1C67 /* Extension.appex */;
			productType = "com.apple.product-type.app-extension";
		};
/* End PBXNativeTarget section */

/* Begin PBXProject section */
		68E708161F3EC36E009D1C67 /* Project object */ = {
			isa = PBXProject;
			attributes = {
				LastSwiftUpdateCheck = 0830;
				LastUpgradeCheck = 0830;
				ORGANIZATIONNAME = "Glenn R. Fisher";
				TargetAttributes = {
					68E7081D1F3EC36E009D1C67 = {
						CreatedOnToolsVersion = 8.3.3;
						ProvisioningStyle = Automatic;
					};
					68E708361F3EC409009D1C67 = {
						CreatedOnToolsVersion = 8.3.3;
						ProvisioningStyle = Automatic;
					};
				};
			};
			buildConfigurationList = 68E708191F3EC36E009D1C67 /* Build configuration list for PBXProject "Project16" */;
			compatibilityVersion = "Xcode 3.2";
			developmentRegion = English;
			hasScannedForEncodings = 0;
			knownRegions = (
				en,
				Base,
			);
			mainGroup = 68E708151F3EC36E009D1C67;
			productRefGroup = 68E7081F1F3EC36E009D1C67 /* Products */;
			projectDirPath = "";
			projectRoot = "";
			targets = (
				68E7081D1F3EC36E009D1C67 /* Project16 */,
				68E708361F3EC409009D1C67 /* Extension */,
			);
		};
/* End PBXProject section */

/* Begin PBXResourcesBuildPhase section */
		68E7081C1F3EC36E009D1C67 /* Resources */ = {
			isa = PBXResourcesBuildPhase;
			buildActionMask = 2147483647;
			files = (
				68E7082C1F3EC36E009D1C67 /* LaunchScreen.storyboard in Resources */,
				68E708291F3EC36E009D1C67 /* Assets.xcassets in Resources */,
				68E708271F3EC36E009D1C67 /* Main.storyboard in Resources */,
			);
			runOnlyForDeploymentPostprocessing = 0;
		};
		68E708351F3EC409009D1C67 /* Resources */ = {
			isa = PBXResourcesBuildPhase;
			buildActionMask = 2147483647;
			files = (
				68E708471F3F3D04009D1C67 /* Action.js in Resources */,
				68E7083D1F3EC409009D1C67 /* MainInterface.storyboard in Resources */,
			);
			runOnlyForDeploymentPostprocessing = 0;
		};
/* End PBXResourcesBuildPhase section */

/* Begin PBXSourcesBuildPhase section */
		68E7081A1F3EC36E009D1C67 /* Sources */ = {
			isa = PBXSourcesBuildPhase;
			buildActionMask = 2147483647;
			files = (
				68E708241F3EC36E009D1C67 /* ViewController.swift in Sources */,
				68E708221F3EC36E009D1C67 /* AppDelegate.swift in Sources */,
			);
			runOnlyForDeploymentPostprocessing = 0;
		};
		68E708331F3EC409009D1C67 /* Sources */ = {
			isa = PBXSourcesBuildPhase;
			buildActionMask = 2147483647;
			files = (
				68E7083A1F3EC409009D1C67 /* ActionViewController.swift in Sources */,
			);
			runOnlyForDeploymentPostprocessing = 0;
		};
/* End PBXSourcesBuildPhase section */

/* Begin PBXTargetDependency section */
		68E708401F3EC409009D1C67 /* PBXTargetDependency */ = {
			isa = PBXTargetDependency;
			target = 68E708361F3EC409009D1C67 /* Extension */;
			targetProxy = 68E7083F1F3EC409009D1C67 /* PBXContainerItemProxy */;
		};
/* End PBXTargetDependency section */

/* Begin PBXVariantGroup section */
		68E708251F3EC36E009D1C67 /* Main.storyboard */ = {
			isa = PBXVariantGroup;
			children = (
				68E708261F3EC36E009D1C67 /* Base */,
			);
			name = Main.storyboard;
			sourceTree = "<group>";
		};
		68E7082A1F3EC36E009D1C67 /* LaunchScreen.storyboard */ = {
			isa = PBXVariantGroup;
			children = (
				68E7082B1F3EC36E009D1C67 /* Base */,
			);
			name = LaunchScreen.storyboard;
			sourceTree = "<group>";
		};
		68E7083B1F3EC409009D1C67 /* MainInterface.storyboard */ = {
			isa = PBXVariantGroup;
			children = (
				68E7083C1F3EC409009D1C67 /* Base */,
			);
			name = MainInterface.storyboard;
			sourceTree = "<group>";
		};
/* End PBXVariantGroup section */

/* Begin XCBuildConfiguration section */
		68E7082E1F3EC36E009D1C67 /* Debug */ = {
			isa = XCBuildConfiguration;
			buildSettings = {
				ALWAYS_SEARCH_USER_PATHS = NO;
				CLANG_ANALYZER_NONNULL = YES;
				CLANG_ANALYZER_NUMBER_OBJECT_CONVERSION = YES_AGGRESSIVE;
				CLANG_CXX_LANGUAGE_STANDARD = "gnu++0x";
				CLANG_CXX_LIBRARY = "libc++";
				CLANG_ENABLE_MODULES = YES;
				CLANG_ENABLE_OBJC_ARC = YES;
				CLANG_WARN_BOOL_CONVERSION = YES;
				CLANG_WARN_CONSTANT_CONVERSION = YES;
				CLANG_WARN_DIRECT_OBJC_ISA_USAGE = YES_ERROR;
				CLANG_WARN_DOCUMENTATION_COMMENTS = YES;
				CLANG_WARN_EMPTY_BODY = YES;
				CLANG_WARN_ENUM_CONVERSION = YES;
				CLANG_WARN_INFINITE_RECURSION = YES;
				CLANG_WARN_INT_CONVERSION = YES;
				CLANG_WARN_OBJC_ROOT_CLASS = YES_ERROR;
				CLANG_WARN_SUSPICIOUS_MOVE = YES;
				CLANG_WARN_UNREACHABLE_CODE = YES;
				CLANG_WARN__DUPLICATE_METHOD_MATCH = YES;
				"CODE_SIGN_IDENTITY[sdk=iphoneos*]" = "iPhone Developer";
				COPY_PHASE_STRIP = NO;
				DEBUG_INFORMATION_FORMAT = dwarf;
				ENABLE_STRICT_OBJC_MSGSEND = YES;
				ENABLE_TESTABILITY = YES;
				GCC_C_LANGUAGE_STANDARD = gnu99;
				GCC_DYNAMIC_NO_PIC = NO;
				GCC_NO_COMMON_BLOCKS = YES;
				GCC_OPTIMIZATION_LEVEL = 0;
				GCC_PREPROCESSOR_DEFINITIONS = (
					"DEBUG=1",
					"$(inherited)",
				);
				GCC_WARN_64_TO_32_BIT_CONVERSION = YES;
				GCC_WARN_ABOUT_RETURN_TYPE = YES_ERROR;
				GCC_WARN_UNDECLARED_SELECTOR = YES;
				GCC_WARN_UNINITIALIZED_AUTOS = YES_AGGRESSIVE;
				GCC_WARN_UNUSED_FUNCTION = YES;
				GCC_WARN_UNUSED_VARIABLE = YES;
				IPHONEOS_DEPLOYMENT_TARGET = 10.3;
				MTL_ENABLE_DEBUG_INFO = YES;
				ONLY_ACTIVE_ARCH = YES;
				SDKROOT = iphoneos;
				SWIFT_ACTIVE_COMPILATION_CONDITIONS = DEBUG;
				SWIFT_OPTIMIZATION_LEVEL = "-Onone";
			};
			name = Debug;
		};
		68E7082F1F3EC36E009D1C67 /* Release */ = {
			isa = XCBuildConfiguration;
			buildSettings = {
				ALWAYS_SEARCH_USER_PATHS = NO;
				CLANG_ANALYZER_NONNULL = YES;
				CLANG_ANALYZER_NUMBER_OBJECT_CONVERSION = YES_AGGRESSIVE;
				CLANG_CXX_LANGUAGE_STANDARD = "gnu++0x";
				CLANG_CXX_LIBRARY = "libc++";
				CLANG_ENABLE_MODULES = YES;
				CLANG_ENABLE_OBJC_ARC = YES;
				CLANG_WARN_BOOL_CONVERSION = YES;
				CLANG_WARN_CONSTANT_CONVERSION = YES;
				CLANG_WARN_DIRECT_OBJC_ISA_USAGE = YES_ERROR;
				CLANG_WARN_DOCUMENTATION_COMMENTS = YES;
				CLANG_WARN_EMPTY_BODY = YES;
				CLANG_WARN_ENUM_CONVERSION = YES;
				CLANG_WARN_INFINITE_RECURSION = YES;
				CLANG_WARN_INT_CONVERSION = YES;
				CLANG_WARN_OBJC_ROOT_CLASS = YES_ERROR;
				CLANG_WARN_SUSPICIOUS_MOVE = YES;
				CLANG_WARN_UNREACHABLE_CODE = YES;
				CLANG_WARN__DUPLICATE_METHOD_MATCH = YES;
				"CODE_SIGN_IDENTITY[sdk=iphoneos*]" = "iPhone Developer";
				COPY_PHASE_STRIP = NO;
				DEBUG_INFORMATION_FORMAT = "dwarf-with-dsym";
				ENABLE_NS_ASSERTIONS = NO;
				ENABLE_STRICT_OBJC_MSGSEND = YES;
				GCC_C_LANGUAGE_STANDARD = gnu99;
				GCC_NO_COMMON_BLOCKS = YES;
				GCC_WARN_64_TO_32_BIT_CONVERSION = YES;
				GCC_WARN_ABOUT_RETURN_TYPE = YES_ERROR;
				GCC_WARN_UNDECLARED_SELECTOR = YES;
				GCC_WARN_UNINITIALIZED_AUTOS = YES_AGGRESSIVE;
				GCC_WARN_UNUSED_FUNCTION = YES;
				GCC_WARN_UNUSED_VARIABLE = YES;
				IPHONEOS_DEPLOYMENT_TARGET = 10.3;
				MTL_ENABLE_DEBUG_INFO = NO;
				SDKROOT = iphoneos;
				SWIFT_OPTIMIZATION_LEVEL = "-Owholemodule";
				VALIDATE_PRODUCT = YES;
			};
			name = Release;
		};
		68E708311F3EC36E009D1C67 /* Debug */ = {
			isa = XCBuildConfiguration;
			buildSettings = {
				ALWAYS_EMBED_SWIFT_STANDARD_LIBRARIES = YES;
				ASSETCATALOG_COMPILER_APPICON_NAME = AppIcon;
				INFOPLIST_FILE = Project16/Info.plist;
				LD_RUNPATH_SEARCH_PATHS = "$(inherited) @executable_path/Frameworks";
				PRODUCT_BUNDLE_IDENTIFIER = com.glennrfisher.Project16;
				PRODUCT_NAME = "$(TARGET_NAME)";
				SWIFT_VERSION = 3.0;
			};
			name = Debug;
		};
		68E708321F3EC36E009D1C67 /* Release */ = {
			isa = XCBuildConfiguration;
			buildSettings = {
				ALWAYS_EMBED_SWIFT_STANDARD_LIBRARIES = YES;
				ASSETCATALOG_COMPILER_APPICON_NAME = AppIcon;
				INFOPLIST_FILE = Project16/Info.plist;
				LD_RUNPATH_SEARCH_PATHS = "$(inherited) @executable_path/Frameworks";
				PRODUCT_BUNDLE_IDENTIFIER = com.glennrfisher.Project16;
				PRODUCT_NAME = "$(TARGET_NAME)";
				SWIFT_VERSION = 3.0;
			};
			name = Release;
		};
		68E708431F3EC409009D1C67 /* Debug */ = {
			isa = XCBuildConfiguration;
			buildSettings = {
				INFOPLIST_FILE = Extension/Info.plist;
				LD_RUNPATH_SEARCH_PATHS = "$(inherited) @executable_path/Frameworks @executable_path/../../Frameworks";
				PRODUCT_BUNDLE_IDENTIFIER = com.glennrfisher.Project16.Extension;
				PRODUCT_NAME = "$(TARGET_NAME)";
				SKIP_INSTALL = YES;
				SWIFT_VERSION = 3.0;
			};
			name = Debug;
		};
		68E708441F3EC409009D1C67 /* Release */ = {
			isa = XCBuildConfiguration;
			buildSettings = {
				INFOPLIST_FILE = Extension/Info.plist;
				LD_RUNPATH_SEARCH_PATHS = "$(inherited) @executable_path/Frameworks @executable_path/../../Frameworks";
				PRODUCT_BUNDLE_IDENTIFIER = com.glennrfisher.Project16.Extension;
				PRODUCT_NAME = "$(TARGET_NAME)";
				SKIP_INSTALL = YES;
				SWIFT_VERSION = 3.0;
			};
			name = Release;
		};
/* End XCBuildConfiguration section */

/* Begin XCConfigurationList section */
		68E708191F3EC36E009D1C67 /* Build configuration list for PBXProject "Project16" */ = {
			isa = XCConfigurationList;
			buildConfigurations = (
				68E7082E1F3EC36E009D1C67 /* Debug */,
				68E7082F1F3EC36E009D1C67 /* Release */,
			);
			defaultConfigurationIsVisible = 0;
			defaultConfigurationName = Release;
		};
		68E708301F3EC36E009D1C67 /* Build configuration list for PBXNativeTarget "Project16" */ = {
			isa = XCConfigurationList;
			buildConfigurations = (
				68E708311F3EC36E009D1C67 /* Debug */,
				68E708321F3EC36E009D1C67 /* Release */,
			);
			defaultConfigurationIsVisible = 0;
		};
		68E708421F3EC409009D1C67 /* Build configuration list for PBXNativeTarget "Extension" */ = {
			isa = XCConfigurationList;
			buildConfigurations = (
				68E708431F3EC409009D1C67 /* Debug */,
				68E708441F3EC409009D1C67 /* Release */,
			);
			defaultConfigurationIsVisible = 0;
		};
/* End XCConfigurationList section */
	};
	rootObject = 68E708161F3EC36E009D1C67 /* Project object */;
}
